// !$*UTF8*$!
{
	archiveVersion = 1;
	classes = {
	};
	objectVersion = 50;
	objects = {

/* Begin PBXBuildFile section */
		54896619F49DC4D2536FF7C0 /* Pods_Coursework_1_0.framework in Frameworks */ = {isa = PBXBuildFile; fileRef = DAAC68A11F828CD88E43BF48 /* Pods_Coursework_1_0.framework */; };
		B532F4EC21FCB60A00A78153 /* GoogleService-Info.plist in Resources */ = {isa = PBXBuildFile; fileRef = B532F4EB21FCB60A00A78153 /* GoogleService-Info.plist */; };
		B536244821FD12ED00CE166B /* LoginViewController.swift in Sources */ = {isa = PBXBuildFile; fileRef = B536244721FD12ED00CE166B /* LoginViewController.swift */; };
		B536244A21FD12FD00CE166B /* SignUpViewController.swift in Sources */ = {isa = PBXBuildFile; fileRef = B536244921FD12FD00CE166B /* SignUpViewController.swift */; };
		B58362092227567A000D4FBD /* StudentMainViewController.swift in Sources */ = {isa = PBXBuildFile; fileRef = B58362082227567A000D4FBD /* StudentMainViewController.swift */; };
		B583620B22275689000D4FBD /* TeacherMainViewController.swift in Sources */ = {isa = PBXBuildFile; fileRef = B583620A22275689000D4FBD /* TeacherMainViewController.swift */; };
		B583620D2227E6A3000D4FBD /* CustomSegue.swift in Sources */ = {isa = PBXBuildFile; fileRef = B583620C2227E6A3000D4FBD /* CustomSegue.swift */; };
		B583620F222842A4000D4FBD /* ViewFeedbackViewController.swift in Sources */ = {isa = PBXBuildFile; fileRef = B583620E222842A4000D4FBD /* ViewFeedbackViewController.swift */; };
		B5836211222942F2000D4FBD /* CreateNewClassViewController.swift in Sources */ = {isa = PBXBuildFile; fileRef = B5836210222942F2000D4FBD /* CreateNewClassViewController.swift */; };
		B58959692202220700A9DA8A /* AnswerQuestionsViewController.swift in Sources */ = {isa = PBXBuildFile; fileRef = B58959682202220700A9DA8A /* AnswerQuestionsViewController.swift */; };
		B589596B22022B5A00A9DA8A /* AskQuestionViewController.swift in Sources */ = {isa = PBXBuildFile; fileRef = B589596A22022B5A00A9DA8A /* AskQuestionViewController.swift */; };
		B589596D22022BE500A9DA8A /* MakeSuggestionViewController.swift in Sources */ = {isa = PBXBuildFile; fileRef = B589596C22022BE500A9DA8A /* MakeSuggestionViewController.swift */; };
		B589596F22022CA500A9DA8A /* ReportProblemViewController.swift in Sources */ = {isa = PBXBuildFile; fileRef = B589596E22022CA500A9DA8A /* ReportProblemViewController.swift */; };
		B589597122022D0600A9DA8A /* ChooseReviewViewController.swift in Sources */ = {isa = PBXBuildFile; fileRef = B589597022022D0600A9DA8A /* ChooseReviewViewController.swift */; };
		B5CD3A4A21F1013000078B1B /* AppDelegate.swift in Sources */ = {isa = PBXBuildFile; fileRef = B5CD3A4921F1013000078B1B /* AppDelegate.swift */; };
		B5CD3A4C21F1013000078B1B /* ViewController.swift in Sources */ = {isa = PBXBuildFile; fileRef = B5CD3A4B21F1013000078B1B /* ViewController.swift */; };
		B5CD3A4F21F1013000078B1B /* Main.storyboard in Resources */ = {isa = PBXBuildFile; fileRef = B5CD3A4D21F1013000078B1B /* Main.storyboard */; };
		B5CD3A5121F1013500078B1B /* Assets.xcassets in Resources */ = {isa = PBXBuildFile; fileRef = B5CD3A5021F1013500078B1B /* Assets.xcassets */; };
		B5CD3A5421F1013500078B1B /* LaunchScreen.storyboard in Resources */ = {isa = PBXBuildFile; fileRef = B5CD3A5221F1013500078B1B /* LaunchScreen.storyboard */; };
		B5CD3A5F21F1013500078B1B /* Coursework_1_0Tests.swift in Sources */ = {isa = PBXBuildFile; fileRef = B5CD3A5E21F1013500078B1B /* Coursework_1_0Tests.swift */; };
		B5CD3A6A21F1013500078B1B /* Coursework_1_0UITests.swift in Sources */ = {isa = PBXBuildFile; fileRef = B5CD3A6921F1013500078B1B /* Coursework_1_0UITests.swift */; };
		EAA40DB0B8F04FEE1E9C7C69 /* Pods_Coursework_1_0Tests.framework in Frameworks */ = {isa = PBXBuildFile; fileRef = AE5DD1F2E45C4F469AB32BB1 /* Pods_Coursework_1_0Tests.framework */; };
		F552FC2B4B82ED588C29D058 /* Pods_Coursework_1_0UITests.framework in Frameworks */ = {isa = PBXBuildFile; fileRef = 3BF7FF8149EA9B13534EDEFB /* Pods_Coursework_1_0UITests.framework */; };
/* End PBXBuildFile section */

/* Begin PBXContainerItemProxy section */
		B5CD3A5B21F1013500078B1B /* PBXContainerItemProxy */ = {
			isa = PBXContainerItemProxy;
			containerPortal = B5CD3A3E21F1013000078B1B /* Project object */;
			proxyType = 1;
			remoteGlobalIDString = B5CD3A4521F1013000078B1B;
			remoteInfo = "Coursework 1.0";
		};
		B5CD3A6621F1013500078B1B /* PBXContainerItemProxy */ = {
			isa = PBXContainerItemProxy;
			containerPortal = B5CD3A3E21F1013000078B1B /* Project object */;
			proxyType = 1;
			remoteGlobalIDString = B5CD3A4521F1013000078B1B;
			remoteInfo = "Coursework 1.0";
		};
/* End PBXContainerItemProxy section */

/* Begin PBXFileReference section */
		349B644F256379AB171EC2E8 /* Pods-Coursework 1.0UITests.release.xcconfig */ = {isa = PBXFileReference; includeInIndex = 1; lastKnownFileType = text.xcconfig; name = "Pods-Coursework 1.0UITests.release.xcconfig"; path = "Pods/Target Support Files/Pods-Coursework 1.0UITests/Pods-Coursework 1.0UITests.release.xcconfig"; sourceTree = "<group>"; };
		3BF7FF8149EA9B13534EDEFB /* Pods_Coursework_1_0UITests.framework */ = {isa = PBXFileReference; explicitFileType = wrapper.framework; includeInIndex = 0; path = Pods_Coursework_1_0UITests.framework; sourceTree = BUILT_PRODUCTS_DIR; };
		82235BDE09AEDA23A403CCED /* Pods-Coursework 1.0UITests.debug.xcconfig */ = {isa = PBXFileReference; includeInIndex = 1; lastKnownFileType = text.xcconfig; name = "Pods-Coursework 1.0UITests.debug.xcconfig"; path = "Pods/Target Support Files/Pods-Coursework 1.0UITests/Pods-Coursework 1.0UITests.debug.xcconfig"; sourceTree = "<group>"; };
		8A2FCDBE9B5E9322855A53AF /* Pods-Coursework 1.0.debug.xcconfig */ = {isa = PBXFileReference; includeInIndex = 1; lastKnownFileType = text.xcconfig; name = "Pods-Coursework 1.0.debug.xcconfig"; path = "Pods/Target Support Files/Pods-Coursework 1.0/Pods-Coursework 1.0.debug.xcconfig"; sourceTree = "<group>"; };
		AE5DD1F2E45C4F469AB32BB1 /* Pods_Coursework_1_0Tests.framework */ = {isa = PBXFileReference; explicitFileType = wrapper.framework; includeInIndex = 0; path = Pods_Coursework_1_0Tests.framework; sourceTree = BUILT_PRODUCTS_DIR; };
		B1A02D212FEC0D5CA5F9B054 /* Pods-Coursework 1.0Tests.debug.xcconfig */ = {isa = PBXFileReference; includeInIndex = 1; lastKnownFileType = text.xcconfig; name = "Pods-Coursework 1.0Tests.debug.xcconfig"; path = "Pods/Target Support Files/Pods-Coursework 1.0Tests/Pods-Coursework 1.0Tests.debug.xcconfig"; sourceTree = "<group>"; };
		B532F4EB21FCB60A00A78153 /* GoogleService-Info.plist */ = {isa = PBXFileReference; fileEncoding = 4; lastKnownFileType = text.plist.xml; name = "GoogleService-Info.plist"; path = "../../../Downloads/GoogleService-Info.plist"; sourceTree = "<group>"; };
		B536244721FD12ED00CE166B /* LoginViewController.swift */ = {isa = PBXFileReference; lastKnownFileType = sourcecode.swift; path = LoginViewController.swift; sourceTree = "<group>"; };
		B536244921FD12FD00CE166B /* SignUpViewController.swift */ = {isa = PBXFileReference; lastKnownFileType = sourcecode.swift; path = SignUpViewController.swift; sourceTree = "<group>"; };
		B58362082227567A000D4FBD /* StudentMainViewController.swift */ = {isa = PBXFileReference; lastKnownFileType = sourcecode.swift; path = StudentMainViewController.swift; sourceTree = "<group>"; };
		B583620A22275689000D4FBD /* TeacherMainViewController.swift */ = {isa = PBXFileReference; lastKnownFileType = sourcecode.swift; path = TeacherMainViewController.swift; sourceTree = "<group>"; };
		B583620C2227E6A3000D4FBD /* CustomSegue.swift */ = {isa = PBXFileReference; lastKnownFileType = sourcecode.swift; path = CustomSegue.swift; sourceTree = "<group>"; };
		B583620E222842A4000D4FBD /* ViewFeedbackViewController.swift */ = {isa = PBXFileReference; lastKnownFileType = sourcecode.swift; path = ViewFeedbackViewController.swift; sourceTree = "<group>"; };
		B5836210222942F2000D4FBD /* CreateNewClassViewController.swift */ = {isa = PBXFileReference; lastKnownFileType = sourcecode.swift; path = CreateNewClassViewController.swift; sourceTree = "<group>"; };
		B58959682202220700A9DA8A /* AnswerQuestionsViewController.swift */ = {isa = PBXFileReference; lastKnownFileType = sourcecode.swift; path = AnswerQuestionsViewController.swift; sourceTree = "<group>"; };
		B589596A22022B5A00A9DA8A /* AskQuestionViewController.swift */ = {isa = PBXFileReference; lastKnownFileType = sourcecode.swift; path = AskQuestionViewController.swift; sourceTree = "<group>"; };
		B589596C22022BE500A9DA8A /* MakeSuggestionViewController.swift */ = {isa = PBXFileReference; lastKnownFileType = sourcecode.swift; path = MakeSuggestionViewController.swift; sourceTree = "<group>"; };
		B589596E22022CA500A9DA8A /* ReportProblemViewController.swift */ = {isa = PBXFileReference; lastKnownFileType = sourcecode.swift; path = ReportProblemViewController.swift; sourceTree = "<group>"; };
		B589597022022D0600A9DA8A /* ChooseReviewViewController.swift */ = {isa = PBXFileReference; lastKnownFileType = sourcecode.swift; path = ChooseReviewViewController.swift; sourceTree = "<group>"; };
		B5CD3A4621F1013000078B1B /* Coursework 1.0.app */ = {isa = PBXFileReference; explicitFileType = wrapper.application; includeInIndex = 0; path = "Coursework 1.0.app"; sourceTree = BUILT_PRODUCTS_DIR; };
		B5CD3A4921F1013000078B1B /* AppDelegate.swift */ = {isa = PBXFileReference; lastKnownFileType = sourcecode.swift; path = AppDelegate.swift; sourceTree = "<group>"; };
		B5CD3A4B21F1013000078B1B /* ViewController.swift */ = {isa = PBXFileReference; lastKnownFileType = sourcecode.swift; path = ViewController.swift; sourceTree = "<group>"; };
		B5CD3A4E21F1013000078B1B /* Base */ = {isa = PBXFileReference; lastKnownFileType = file.storyboard; name = Base; path = Base.lproj/Main.storyboard; sourceTree = "<group>"; };
		B5CD3A5021F1013500078B1B /* Assets.xcassets */ = {isa = PBXFileReference; lastKnownFileType = folder.assetcatalog; path = Assets.xcassets; sourceTree = "<group>"; };
		B5CD3A5321F1013500078B1B /* Base */ = {isa = PBXFileReference; lastKnownFileType = file.storyboard; name = Base; path = Base.lproj/LaunchScreen.storyboard; sourceTree = "<group>"; };
		B5CD3A5521F1013500078B1B /* Info.plist */ = {isa = PBXFileReference; lastKnownFileType = text.plist.xml; path = Info.plist; sourceTree = "<group>"; };
		B5CD3A5A21F1013500078B1B /* Coursework 1.0Tests.xctest */ = {isa = PBXFileReference; explicitFileType = wrapper.cfbundle; includeInIndex = 0; path = "Coursework 1.0Tests.xctest"; sourceTree = BUILT_PRODUCTS_DIR; };
		B5CD3A5E21F1013500078B1B /* Coursework_1_0Tests.swift */ = {isa = PBXFileReference; lastKnownFileType = sourcecode.swift; path = Coursework_1_0Tests.swift; sourceTree = "<group>"; };
		B5CD3A6021F1013500078B1B /* Info.plist */ = {isa = PBXFileReference; lastKnownFileType = text.plist.xml; path = Info.plist; sourceTree = "<group>"; };
		B5CD3A6521F1013500078B1B /* Coursework 1.0UITests.xctest */ = {isa = PBXFileReference; explicitFileType = wrapper.cfbundle; includeInIndex = 0; path = "Coursework 1.0UITests.xctest"; sourceTree = BUILT_PRODUCTS_DIR; };
		B5CD3A6921F1013500078B1B /* Coursework_1_0UITests.swift */ = {isa = PBXFileReference; lastKnownFileType = sourcecode.swift; path = Coursework_1_0UITests.swift; sourceTree = "<group>"; };
		B5CD3A6B21F1013500078B1B /* Info.plist */ = {isa = PBXFileReference; lastKnownFileType = text.plist.xml; path = Info.plist; sourceTree = "<group>"; };
		DAAC68A11F828CD88E43BF48 /* Pods_Coursework_1_0.framework */ = {isa = PBXFileReference; explicitFileType = wrapper.framework; includeInIndex = 0; path = Pods_Coursework_1_0.framework; sourceTree = BUILT_PRODUCTS_DIR; };
		E5706C8784D557181304CE03 /* Pods-Coursework 1.0.release.xcconfig */ = {isa = PBXFileReference; includeInIndex = 1; lastKnownFileType = text.xcconfig; name = "Pods-Coursework 1.0.release.xcconfig"; path = "Pods/Target Support Files/Pods-Coursework 1.0/Pods-Coursework 1.0.release.xcconfig"; sourceTree = "<group>"; };
		EA905DFD4E84A3CAE5950C0B /* Pods-Coursework 1.0Tests.release.xcconfig */ = {isa = PBXFileReference; includeInIndex = 1; lastKnownFileType = text.xcconfig; name = "Pods-Coursework 1.0Tests.release.xcconfig"; path = "Pods/Target Support Files/Pods-Coursework 1.0Tests/Pods-Coursework 1.0Tests.release.xcconfig"; sourceTree = "<group>"; };
/* End PBXFileReference section */

/* Begin PBXFrameworksBuildPhase section */
		B5CD3A4321F1013000078B1B /* Frameworks */ = {
			isa = PBXFrameworksBuildPhase;
			buildActionMask = 2147483647;
			files = (
				54896619F49DC4D2536FF7C0 /* Pods_Coursework_1_0.framework in Frameworks */,
			);
			runOnlyForDeploymentPostprocessing = 0;
		};
		B5CD3A5721F1013500078B1B /* Frameworks */ = {
			isa = PBXFrameworksBuildPhase;
			buildActionMask = 2147483647;
			files = (
				EAA40DB0B8F04FEE1E9C7C69 /* Pods_Coursework_1_0Tests.framework in Frameworks */,
			);
			runOnlyForDeploymentPostprocessing = 0;
		};
		B5CD3A6221F1013500078B1B /* Frameworks */ = {
			isa = PBXFrameworksBuildPhase;
			buildActionMask = 2147483647;
			files = (
				F552FC2B4B82ED588C29D058 /* Pods_Coursework_1_0UITests.framework in Frameworks */,
			);
			runOnlyForDeploymentPostprocessing = 0;
		};
/* End PBXFrameworksBuildPhase section */

/* Begin PBXGroup section */
		56E957F0727A176B563BC745 /* Pods */ = {
			isa = PBXGroup;
			children = (
				8A2FCDBE9B5E9322855A53AF /* Pods-Coursework 1.0.debug.xcconfig */,
				E5706C8784D557181304CE03 /* Pods-Coursework 1.0.release.xcconfig */,
				B1A02D212FEC0D5CA5F9B054 /* Pods-Coursework 1.0Tests.debug.xcconfig */,
				EA905DFD4E84A3CAE5950C0B /* Pods-Coursework 1.0Tests.release.xcconfig */,
				82235BDE09AEDA23A403CCED /* Pods-Coursework 1.0UITests.debug.xcconfig */,
				349B644F256379AB171EC2E8 /* Pods-Coursework 1.0UITests.release.xcconfig */,
			);
			name = Pods;
			sourceTree = "<group>";
		};
		B5CD3A3D21F1013000078B1B = {
			isa = PBXGroup;
			children = (
				B5CD3A4821F1013000078B1B /* Coursework 1.0 */,
				B5CD3A5D21F1013500078B1B /* Coursework 1.0Tests */,
				B5CD3A6821F1013500078B1B /* Coursework 1.0UITests */,
				B5CD3A4721F1013000078B1B /* Products */,
				56E957F0727A176B563BC745 /* Pods */,
				C19C7578689F23454E0BF722 /* Frameworks */,
			);
			sourceTree = "<group>";
		};
		B5CD3A4721F1013000078B1B /* Products */ = {
			isa = PBXGroup;
			children = (
				B5CD3A4621F1013000078B1B /* Coursework 1.0.app */,
				B5CD3A5A21F1013500078B1B /* Coursework 1.0Tests.xctest */,
				B5CD3A6521F1013500078B1B /* Coursework 1.0UITests.xctest */,
			);
			name = Products;
			sourceTree = "<group>";
		};
		B5CD3A4821F1013000078B1B /* Coursework 1.0 */ = {
			isa = PBXGroup;
			children = (
				B5CD3A4921F1013000078B1B /* AppDelegate.swift */,
				B5CD3A4B21F1013000078B1B /* ViewController.swift */,
				B5CD3A4D21F1013000078B1B /* Main.storyboard */,
				B5836210222942F2000D4FBD /* CreateNewClassViewController.swift */,
				B583620E222842A4000D4FBD /* ViewFeedbackViewController.swift */,
				B583620C2227E6A3000D4FBD /* CustomSegue.swift */,
				B58362082227567A000D4FBD /* StudentMainViewController.swift */,
				B583620A22275689000D4FBD /* TeacherMainViewController.swift */,
				B589597022022D0600A9DA8A /* ChooseReviewViewController.swift */,
				B589596E22022CA500A9DA8A /* ReportProblemViewController.swift */,
				B589596C22022BE500A9DA8A /* MakeSuggestionViewController.swift */,
				B589596A22022B5A00A9DA8A /* AskQuestionViewController.swift */,
				B58959682202220700A9DA8A /* AnswerQuestionsViewController.swift */,
				B536244721FD12ED00CE166B /* LoginViewController.swift */,
				B536244921FD12FD00CE166B /* SignUpViewController.swift */,
				B5CD3A5021F1013500078B1B /* Assets.xcassets */,
				B5CD3A5221F1013500078B1B /* LaunchScreen.storyboard */,
				B5CD3A5521F1013500078B1B /* Info.plist */,
				B532F4EB21FCB60A00A78153 /* GoogleService-Info.plist */,
			);
			path = "Coursework 1.0";
			sourceTree = "<group>";
		};
		B5CD3A5D21F1013500078B1B /* Coursework 1.0Tests */ = {
			isa = PBXGroup;
			children = (
				B5CD3A5E21F1013500078B1B /* Coursework_1_0Tests.swift */,
				B5CD3A6021F1013500078B1B /* Info.plist */,
			);
			path = "Coursework 1.0Tests";
			sourceTree = "<group>";
		};
		B5CD3A6821F1013500078B1B /* Coursework 1.0UITests */ = {
			isa = PBXGroup;
			children = (
				B5CD3A6921F1013500078B1B /* Coursework_1_0UITests.swift */,
				B5CD3A6B21F1013500078B1B /* Info.plist */,
			);
			path = "Coursework 1.0UITests";
			sourceTree = "<group>";
		};
		C19C7578689F23454E0BF722 /* Frameworks */ = {
			isa = PBXGroup;
			children = (
				DAAC68A11F828CD88E43BF48 /* Pods_Coursework_1_0.framework */,
				AE5DD1F2E45C4F469AB32BB1 /* Pods_Coursework_1_0Tests.framework */,
				3BF7FF8149EA9B13534EDEFB /* Pods_Coursework_1_0UITests.framework */,
			);
			name = Frameworks;
			sourceTree = "<group>";
		};
/* End PBXGroup section */

/* Begin PBXNativeTarget section */
		B5CD3A4521F1013000078B1B /* Coursework 1.0 */ = {
			isa = PBXNativeTarget;
			buildConfigurationList = B5CD3A6E21F1013500078B1B /* Build configuration list for PBXNativeTarget "Coursework 1.0" */;
			buildPhases = (
				DAF7E9603D306F5964B5CD8D /* [CP] Check Pods Manifest.lock */,
				B5CD3A4221F1013000078B1B /* Sources */,
				B5CD3A4321F1013000078B1B /* Frameworks */,
				B5CD3A4421F1013000078B1B /* Resources */,
				0C7AEAD8197FE6B2A4B3A7CC /* [CP] Embed Pods Frameworks */,
			);
			buildRules = (
			);
			dependencies = (
			);
			name = "Coursework 1.0";
			productName = "Coursework 1.0";
			productReference = B5CD3A4621F1013000078B1B /* Coursework 1.0.app */;
			productType = "com.apple.product-type.application";
		};
		B5CD3A5921F1013500078B1B /* Coursework 1.0Tests */ = {
			isa = PBXNativeTarget;
			buildConfigurationList = B5CD3A7121F1013500078B1B /* Build configuration list for PBXNativeTarget "Coursework 1.0Tests" */;
			buildPhases = (
				EC4C4A38F37ACE45014D5EF6 /* [CP] Check Pods Manifest.lock */,
				B5CD3A5621F1013500078B1B /* Sources */,
				B5CD3A5721F1013500078B1B /* Frameworks */,
				B5CD3A5821F1013500078B1B /* Resources */,
			);
			buildRules = (
			);
			dependencies = (
				B5CD3A5C21F1013500078B1B /* PBXTargetDependency */,
			);
			name = "Coursework 1.0Tests";
			productName = "Coursework 1.0Tests";
			productReference = B5CD3A5A21F1013500078B1B /* Coursework 1.0Tests.xctest */;
			productType = "com.apple.product-type.bundle.unit-test";
		};
		B5CD3A6421F1013500078B1B /* Coursework 1.0UITests */ = {
			isa = PBXNativeTarget;
			buildConfigurationList = B5CD3A7421F1013500078B1B /* Build configuration list for PBXNativeTarget "Coursework 1.0UITests" */;
			buildPhases = (
				D89715C3FF87EC83E5C45101 /* [CP] Check Pods Manifest.lock */,
				B5CD3A6121F1013500078B1B /* Sources */,
				B5CD3A6221F1013500078B1B /* Frameworks */,
				B5CD3A6321F1013500078B1B /* Resources */,
			);
			buildRules = (
			);
			dependencies = (
				B5CD3A6721F1013500078B1B /* PBXTargetDependency */,
			);
			name = "Coursework 1.0UITests";
			productName = "Coursework 1.0UITests";
			productReference = B5CD3A6521F1013500078B1B /* Coursework 1.0UITests.xctest */;
			productType = "com.apple.product-type.bundle.ui-testing";
		};
/* End PBXNativeTarget section */

/* Begin PBXProject section */
		B5CD3A3E21F1013000078B1B /* Project object */ = {
			isa = PBXProject;
			attributes = {
				LastSwiftUpdateCheck = 1000;
				LastUpgradeCheck = 1000;
				ORGANIZATIONNAME = "Ben Norman";
				TargetAttributes = {
					B5CD3A4521F1013000078B1B = {
						CreatedOnToolsVersion = 10.0;
					};
					B5CD3A5921F1013500078B1B = {
						CreatedOnToolsVersion = 10.0;
						TestTargetID = B5CD3A4521F1013000078B1B;
					};
					B5CD3A6421F1013500078B1B = {
						CreatedOnToolsVersion = 10.0;
						TestTargetID = B5CD3A4521F1013000078B1B;
					};
				};
			};
			buildConfigurationList = B5CD3A4121F1013000078B1B /* Build configuration list for PBXProject "Coursework 1.0" */;
			compatibilityVersion = "Xcode 9.3";
			developmentRegion = en;
			hasScannedForEncodings = 0;
			knownRegions = (
				en,
				Base,
			);
			mainGroup = B5CD3A3D21F1013000078B1B;
			productRefGroup = B5CD3A4721F1013000078B1B /* Products */;
			projectDirPath = "";
			projectRoot = "";
			targets = (
				B5CD3A4521F1013000078B1B /* Coursework 1.0 */,
				B5CD3A5921F1013500078B1B /* Coursework 1.0Tests */,
				B5CD3A6421F1013500078B1B /* Coursework 1.0UITests */,
			);
		};
/* End PBXProject section */

/* Begin PBXResourcesBuildPhase section */
		B5CD3A4421F1013000078B1B /* Resources */ = {
			isa = PBXResourcesBuildPhase;
			buildActionMask = 2147483647;
			files = (
				B5CD3A5421F1013500078B1B /* LaunchScreen.storyboard in Resources */,
				B532F4EC21FCB60A00A78153 /* GoogleService-Info.plist in Resources */,
				B5CD3A5121F1013500078B1B /* Assets.xcassets in Resources */,
				B5CD3A4F21F1013000078B1B /* Main.storyboard in Resources */,
			);
			runOnlyForDeploymentPostprocessing = 0;
		};
		B5CD3A5821F1013500078B1B /* Resources */ = {
			isa = PBXResourcesBuildPhase;
			buildActionMask = 2147483647;
			files = (
			);
			runOnlyForDeploymentPostprocessing = 0;
		};
		B5CD3A6321F1013500078B1B /* Resources */ = {
			isa = PBXResourcesBuildPhase;
			buildActionMask = 2147483647;
			files = (
			);
			runOnlyForDeploymentPostprocessing = 0;
		};
/* End PBXResourcesBuildPhase section */

/* Begin PBXShellScriptBuildPhase section */
		0C7AEAD8197FE6B2A4B3A7CC /* [CP] Embed Pods Frameworks */ = {
			isa = PBXShellScriptBuildPhase;
			buildActionMask = 2147483647;
			files = (
			);
			inputFileListPaths = (
			);
			inputPaths = (
				"${SRCROOT}/Pods/Target Support Files/Pods-Coursework 1.0/Pods-Coursework 1.0-frameworks.sh",
				"${BUILT_PRODUCTS_DIR}/BoringSSL-GRPC/openssl_grpc.framework",
				"${BUILT_PRODUCTS_DIR}/GTMSessionFetcher/GTMSessionFetcher.framework",
				"${BUILT_PRODUCTS_DIR}/GoogleUtilities/GoogleUtilities.framework",
				"${BUILT_PRODUCTS_DIR}/Protobuf/Protobuf.framework",
				"${BUILT_PRODUCTS_DIR}/gRPC-C++/grpcpp.framework",
				"${BUILT_PRODUCTS_DIR}/gRPC-Core/grpc.framework",
				"${BUILT_PRODUCTS_DIR}/leveldb-library/leveldb.framework",
				"${BUILT_PRODUCTS_DIR}/nanopb/nanopb.framework",
			);
			name = "[CP] Embed Pods Frameworks";
			outputFileListPaths = (
			);
			outputPaths = (
				"${TARGET_BUILD_DIR}/${FRAMEWORKS_FOLDER_PATH}/openssl_grpc.framework",
				"${TARGET_BUILD_DIR}/${FRAMEWORKS_FOLDER_PATH}/GTMSessionFetcher.framework",
				"${TARGET_BUILD_DIR}/${FRAMEWORKS_FOLDER_PATH}/GoogleUtilities.framework",
				"${TARGET_BUILD_DIR}/${FRAMEWORKS_FOLDER_PATH}/Protobuf.framework",
				"${TARGET_BUILD_DIR}/${FRAMEWORKS_FOLDER_PATH}/grpcpp.framework",
				"${TARGET_BUILD_DIR}/${FRAMEWORKS_FOLDER_PATH}/grpc.framework",
				"${TARGET_BUILD_DIR}/${FRAMEWORKS_FOLDER_PATH}/leveldb.framework",
				"${TARGET_BUILD_DIR}/${FRAMEWORKS_FOLDER_PATH}/nanopb.framework",
			);
			runOnlyForDeploymentPostprocessing = 0;
			shellPath = /bin/sh;
			shellScript = "\"${SRCROOT}/Pods/Target Support Files/Pods-Coursework 1.0/Pods-Coursework 1.0-frameworks.sh\"\n";
			showEnvVarsInLog = 0;
		};
		D89715C3FF87EC83E5C45101 /* [CP] Check Pods Manifest.lock */ = {
			isa = PBXShellScriptBuildPhase;
			buildActionMask = 2147483647;
			files = (
			);
			inputFileListPaths = (
			);
			inputPaths = (
				"${PODS_PODFILE_DIR_PATH}/Podfile.lock",
				"${PODS_ROOT}/Manifest.lock",
			);
			name = "[CP] Check Pods Manifest.lock";
			outputFileListPaths = (
			);
			outputPaths = (
				"$(DERIVED_FILE_DIR)/Pods-Coursework 1.0UITests-checkManifestLockResult.txt",
			);
			runOnlyForDeploymentPostprocessing = 0;
			shellPath = /bin/sh;
			shellScript = "diff \"${PODS_PODFILE_DIR_PATH}/Podfile.lock\" \"${PODS_ROOT}/Manifest.lock\" > /dev/null\nif [ $? != 0 ] ; then\n    # print error to STDERR\n    echo \"error: The sandbox is not in sync with the Podfile.lock. Run 'pod install' or update your CocoaPods installation.\" >&2\n    exit 1\nfi\n# This output is used by Xcode 'outputs' to avoid re-running this script phase.\necho \"SUCCESS\" > \"${SCRIPT_OUTPUT_FILE_0}\"\n";
			showEnvVarsInLog = 0;
		};
		DAF7E9603D306F5964B5CD8D /* [CP] Check Pods Manifest.lock */ = {
			isa = PBXShellScriptBuildPhase;
			buildActionMask = 2147483647;
			files = (
			);
			inputFileListPaths = (
			);
			inputPaths = (
				"${PODS_PODFILE_DIR_PATH}/Podfile.lock",
				"${PODS_ROOT}/Manifest.lock",
			);
			name = "[CP] Check Pods Manifest.lock";
			outputFileListPaths = (
			);
			outputPaths = (
				"$(DERIVED_FILE_DIR)/Pods-Coursework 1.0-checkManifestLockResult.txt",
			);
			runOnlyForDeploymentPostprocessing = 0;
			shellPath = /bin/sh;
			shellScript = "diff \"${PODS_PODFILE_DIR_PATH}/Podfile.lock\" \"${PODS_ROOT}/Manifest.lock\" > /dev/null\nif [ $? != 0 ] ; then\n    # print error to STDERR\n    echo \"error: The sandbox is not in sync with the Podfile.lock. Run 'pod install' or update your CocoaPods installation.\" >&2\n    exit 1\nfi\n# This output is used by Xcode 'outputs' to avoid re-running this script phase.\necho \"SUCCESS\" > \"${SCRIPT_OUTPUT_FILE_0}\"\n";
			showEnvVarsInLog = 0;
		};
		EC4C4A38F37ACE45014D5EF6 /* [CP] Check Pods Manifest.lock */ = {
			isa = PBXShellScriptBuildPhase;
			buildActionMask = 2147483647;
			files = (
			);
			inputFileListPaths = (
			);
			inputPaths = (
				"${PODS_PODFILE_DIR_PATH}/Podfile.lock",
				"${PODS_ROOT}/Manifest.lock",
			);
			name = "[CP] Check Pods Manifest.lock";
			outputFileListPaths = (
			);
			outputPaths = (
				"$(DERIVED_FILE_DIR)/Pods-Coursework 1.0Tests-checkManifestLockResult.txt",
			);
			runOnlyForDeploymentPostprocessing = 0;
			shellPath = /bin/sh;
			shellScript = "diff \"${PODS_PODFILE_DIR_PATH}/Podfile.lock\" \"${PODS_ROOT}/Manifest.lock\" > /dev/null\nif [ $? != 0 ] ; then\n    # print error to STDERR\n    echo \"error: The sandbox is not in sync with the Podfile.lock. Run 'pod install' or update your CocoaPods installation.\" >&2\n    exit 1\nfi\n# This output is used by Xcode 'outputs' to avoid re-running this script phase.\necho \"SUCCESS\" > \"${SCRIPT_OUTPUT_FILE_0}\"\n";
			showEnvVarsInLog = 0;
		};
/* End PBXShellScriptBuildPhase section */

/* Begin PBXSourcesBuildPhase section */
		B5CD3A4221F1013000078B1B /* Sources */ = {
			isa = PBXSourcesBuildPhase;
			buildActionMask = 2147483647;
			files = (
				B5836211222942F2000D4FBD /* CreateNewClassViewController.swift in Sources */,
				B589596F22022CA500A9DA8A /* ReportProblemViewController.swift in Sources */,
				B536244821FD12ED00CE166B /* LoginViewController.swift in Sources */,
				B583620B22275689000D4FBD /* TeacherMainViewController.swift in Sources */,
				B5CD3A4C21F1013000078B1B /* ViewController.swift in Sources */,
				B583620D2227E6A3000D4FBD /* CustomSegue.swift in Sources */,
				B589597122022D0600A9DA8A /* ChooseReviewViewController.swift in Sources */,
				B583620F222842A4000D4FBD /* ViewFeedbackViewController.swift in Sources */,
				B589596B22022B5A00A9DA8A /* AskQuestionViewController.swift in Sources */,
				B536244A21FD12FD00CE166B /* SignUpViewController.swift in Sources */,
				B589596D22022BE500A9DA8A /* MakeSuggestionViewController.swift in Sources */,
				B5CD3A4A21F1013000078B1B /* AppDelegate.swift in Sources */,
				B58959692202220700A9DA8A /* AnswerQuestionsViewController.swift in Sources */,
				B58362092227567A000D4FBD /* StudentMainViewController.swift in Sources */,
			);
			runOnlyForDeploymentPostprocessing = 0;
		};
		B5CD3A5621F1013500078B1B /* Sources */ = {
			isa = PBXSourcesBuildPhase;
			buildActionMask = 2147483647;
			files = (
				B5CD3A5F21F1013500078B1B /* Coursework_1_0Tests.swift in Sources */,
			);
			runOnlyForDeploymentPostprocessing = 0;
		};
		B5CD3A6121F1013500078B1B /* Sources */ = {
			isa = PBXSourcesBuildPhase;
			buildActionMask = 2147483647;
			files = (
				B5CD3A6A21F1013500078B1B /* Coursework_1_0UITests.swift in Sources */,
			);
			runOnlyForDeploymentPostprocessing = 0;
		};
/* End PBXSourcesBuildPhase section */

/* Begin PBXTargetDependency section */
		B5CD3A5C21F1013500078B1B /* PBXTargetDependency */ = {
			isa = PBXTargetDependency;
			target = B5CD3A4521F1013000078B1B /* Coursework 1.0 */;
			targetProxy = B5CD3A5B21F1013500078B1B /* PBXContainerItemProxy */;
		};
		B5CD3A6721F1013500078B1B /* PBXTargetDependency */ = {
			isa = PBXTargetDependency;
			target = B5CD3A4521F1013000078B1B /* Coursework 1.0 */;
			targetProxy = B5CD3A6621F1013500078B1B /* PBXContainerItemProxy */;
		};
/* End PBXTargetDependency section */

/* Begin PBXVariantGroup section */
		B5CD3A4D21F1013000078B1B /* Main.storyboard */ = {
			isa = PBXVariantGroup;
			children = (
				B5CD3A4E21F1013000078B1B /* Base */,
			);
			name = Main.storyboard;
			sourceTree = "<group>";
		};
		B5CD3A5221F1013500078B1B /* LaunchScreen.storyboard */ = {
			isa = PBXVariantGroup;
			children = (
				B5CD3A5321F1013500078B1B /* Base */,
			);
			name = LaunchScreen.storyboard;
			sourceTree = "<group>";
		};
/* End PBXVariantGroup section */

/* Begin XCBuildConfiguration section */
		B5CD3A6C21F1013500078B1B /* Debug */ = {
			isa = XCBuildConfiguration;
			buildSettings = {
				ALWAYS_SEARCH_USER_PATHS = NO;
				CLANG_ANALYZER_NONNULL = YES;
				CLANG_ANALYZER_NUMBER_OBJECT_CONVERSION = YES_AGGRESSIVE;
				CLANG_CXX_LANGUAGE_STANDARD = "gnu++14";
				CLANG_CXX_LIBRARY = "libc++";
				CLANG_ENABLE_MODULES = YES;
				CLANG_ENABLE_OBJC_ARC = YES;
				CLANG_ENABLE_OBJC_WEAK = YES;
				CLANG_WARN_BLOCK_CAPTURE_AUTORELEASING = YES;
				CLANG_WARN_BOOL_CONVERSION = YES;
				CLANG_WARN_COMMA = YES;
				CLANG_WARN_CONSTANT_CONVERSION = YES;
				CLANG_WARN_DEPRECATED_OBJC_IMPLEMENTATIONS = YES;
				CLANG_WARN_DIRECT_OBJC_ISA_USAGE = YES_ERROR;
				CLANG_WARN_DOCUMENTATION_COMMENTS = YES;
				CLANG_WARN_EMPTY_BODY = YES;
				CLANG_WARN_ENUM_CONVERSION = YES;
				CLANG_WARN_INFINITE_RECURSION = YES;
				CLANG_WARN_INT_CONVERSION = YES;
				CLANG_WARN_NON_LITERAL_NULL_CONVERSION = YES;
				CLANG_WARN_OBJC_IMPLICIT_RETAIN_SELF = YES;
				CLANG_WARN_OBJC_LITERAL_CONVERSION = YES;
				CLANG_WARN_OBJC_ROOT_CLASS = YES_ERROR;
				CLANG_WARN_RANGE_LOOP_ANALYSIS = YES;
				CLANG_WARN_STRICT_PROTOTYPES = YES;
				CLANG_WARN_SUSPICIOUS_MOVE = YES;
				CLANG_WARN_UNGUARDED_AVAILABILITY = YES_AGGRESSIVE;
				CLANG_WARN_UNREACHABLE_CODE = YES;
				CLANG_WARN__DUPLICATE_METHOD_MATCH = YES;
				CODE_SIGN_IDENTITY = "iPhone Developer";
				COPY_PHASE_STRIP = NO;
				DEBUG_INFORMATION_FORMAT = dwarf;
				ENABLE_STRICT_OBJC_MSGSEND = YES;
				ENABLE_TESTABILITY = YES;
				GCC_C_LANGUAGE_STANDARD = gnu11;
				GCC_DYNAMIC_NO_PIC = NO;
				GCC_NO_COMMON_BLOCKS = YES;
				GCC_OPTIMIZATION_LEVEL = 0;
				GCC_PREPROCESSOR_DEFINITIONS = (
					"DEBUG=1",
					"$(inherited)",
				);
				GCC_WARN_64_TO_32_BIT_CONVERSION = YES;
				GCC_WARN_ABOUT_RETURN_TYPE = YES_ERROR;
				GCC_WARN_UNDECLARED_SELECTOR = YES;
				GCC_WARN_UNINITIALIZED_AUTOS = YES_AGGRESSIVE;
				GCC_WARN_UNUSED_FUNCTION = YES;
				GCC_WARN_UNUSED_VARIABLE = YES;
				IPHONEOS_DEPLOYMENT_TARGET = 12.0;
				MTL_ENABLE_DEBUG_INFO = INCLUDE_SOURCE;
				MTL_FAST_MATH = YES;
				ONLY_ACTIVE_ARCH = YES;
				SDKROOT = iphoneos;
				SWIFT_ACTIVE_COMPILATION_CONDITIONS = DEBUG;
				SWIFT_OPTIMIZATION_LEVEL = "-Onone";
			};
			name = Debug;
		};
		B5CD3A6D21F1013500078B1B /* Release */ = {
			isa = XCBuildConfiguration;
			buildSettings = {
				ALWAYS_SEARCH_USER_PATHS = NO;
				CLANG_ANALYZER_NONNULL = YES;
				CLANG_ANALYZER_NUMBER_OBJECT_CONVERSION = YES_AGGRESSIVE;
				CLANG_CXX_LANGUAGE_STANDARD = "gnu++14";
				CLANG_CXX_LIBRARY = "libc++";
				CLANG_ENABLE_MODULES = YES;
				CLANG_ENABLE_OBJC_ARC = YES;
				CLANG_ENABLE_OBJC_WEAK = YES;
				CLANG_WARN_BLOCK_CAPTURE_AUTORELEASING = YES;
				CLANG_WARN_BOOL_CONVERSION = YES;
				CLANG_WARN_COMMA = YES;
				CLANG_WARN_CONSTANT_CONVERSION = YES;
				CLANG_WARN_DEPRECATED_OBJC_IMPLEMENTATIONS = YES;
				CLANG_WARN_DIRECT_OBJC_ISA_USAGE = YES_ERROR;
				CLANG_WARN_DOCUMENTATION_COMMENTS = YES;
				CLANG_WARN_EMPTY_BODY = YES;
				CLANG_WARN_ENUM_CONVERSION = YES;
				CLANG_WARN_INFINITE_RECURSION = YES;
				CLANG_WARN_INT_CONVERSION = YES;
				CLANG_WARN_NON_LITERAL_NULL_CONVERSION = YES;
				CLANG_WARN_OBJC_IMPLICIT_RETAIN_SELF = YES;
				CLANG_WARN_OBJC_LITERAL_CONVERSION = YES;
				CLANG_WARN_OBJC_ROOT_CLASS = YES_ERROR;
				CLANG_WARN_RANGE_LOOP_ANALYSIS = YES;
				CLANG_WARN_STRICT_PROTOTYPES = YES;
				CLANG_WARN_SUSPICIOUS_MOVE = YES;
				CLANG_WARN_UNGUARDED_AVAILABILITY = YES_AGGRESSIVE;
				CLANG_WARN_UNREACHABLE_CODE = YES;
				CLANG_WARN__DUPLICATE_METHOD_MATCH = YES;
				CODE_SIGN_IDENTITY = "iPhone Developer";
				COPY_PHASE_STRIP = NO;
				DEBUG_INFORMATION_FORMAT = "dwarf-with-dsym";
				ENABLE_NS_ASSERTIONS = NO;
				ENABLE_STRICT_OBJC_MSGSEND = YES;
				GCC_C_LANGUAGE_STANDARD = gnu11;
				GCC_NO_COMMON_BLOCKS = YES;
				GCC_WARN_64_TO_32_BIT_CONVERSION = YES;
				GCC_WARN_ABOUT_RETURN_TYPE = YES_ERROR;
				GCC_WARN_UNDECLARED_SELECTOR = YES;
				GCC_WARN_UNINITIALIZED_AUTOS = YES_AGGRESSIVE;
				GCC_WARN_UNUSED_FUNCTION = YES;
				GCC_WARN_UNUSED_VARIABLE = YES;
				IPHONEOS_DEPLOYMENT_TARGET = 12.0;
				MTL_ENABLE_DEBUG_INFO = NO;
				MTL_FAST_MATH = YES;
				SDKROOT = iphoneos;
				SWIFT_COMPILATION_MODE = wholemodule;
				SWIFT_OPTIMIZATION_LEVEL = "-O";
				VALIDATE_PRODUCT = YES;
			};
			name = Release;
		};
		B5CD3A6F21F1013500078B1B /* Debug */ = {
			isa = XCBuildConfiguration;
			baseConfigurationReference = 8A2FCDBE9B5E9322855A53AF /* Pods-Coursework 1.0.debug.xcconfig */;
			buildSettings = {
				ASSETCATALOG_COMPILER_APPICON_NAME = AppIcon;
				CODE_SIGN_STYLE = Automatic;
				INFOPLIST_FILE = "Coursework 1.0/Info.plist";
				LD_RUNPATH_SEARCH_PATHS = (
					"$(inherited)",
					"@executable_path/Frameworks",
				);
				PRODUCT_BUNDLE_IDENTIFIER = "Norm.Coursework-1-0";
				PRODUCT_NAME = "$(TARGET_NAME)";
				SWIFT_VERSION = 4.2;
				TARGETED_DEVICE_FAMILY = "1,2";
			};
			name = Debug;
		};
		B5CD3A7021F1013500078B1B /* Release */ = {
			isa = XCBuildConfiguration;
			baseConfigurationReference = E5706C8784D557181304CE03 /* Pods-Coursework 1.0.release.xcconfig */;
			buildSettings = {
				ASSETCATALOG_COMPILER_APPICON_NAME = AppIcon;
				CODE_SIGN_STYLE = Automatic;
				INFOPLIST_FILE = "Coursework 1.0/Info.plist";
				LD_RUNPATH_SEARCH_PATHS = (
					"$(inherited)",
					"@executable_path/Frameworks",
				);
				PRODUCT_BUNDLE_IDENTIFIER = "Norm.Coursework-1-0";
				PRODUCT_NAME = "$(TARGET_NAME)";
				SWIFT_VERSION = 4.2;
				TARGETED_DEVICE_FAMILY = "1,2";
			};
			name = Release;
		};
		B5CD3A7221F1013500078B1B /* Debug */ = {
			isa = XCBuildConfiguration;
			baseConfigurationReference = B1A02D212FEC0D5CA5F9B054 /* Pods-Coursework 1.0Tests.debug.xcconfig */;
			buildSettings = {
				ALWAYS_EMBED_SWIFT_STANDARD_LIBRARIES = YES;
				BUNDLE_LOADER = "$(TEST_HOST)";
				CODE_SIGN_STYLE = Automatic;
				INFOPLIST_FILE = "Coursework 1.0Tests/Info.plist";
				LD_RUNPATH_SEARCH_PATHS = (
					"$(inherited)",
					"@executable_path/Frameworks",
					"@loader_path/Frameworks",
				);
				PRODUCT_BUNDLE_IDENTIFIER = "Norm.Coursework-1-0Tests";
				PRODUCT_NAME = "$(TARGET_NAME)";
				SWIFT_VERSION = 4.2;
				TARGETED_DEVICE_FAMILY = "1,2";
				TEST_HOST = "$(BUILT_PRODUCTS_DIR)/Coursework 1.0.app/Coursework 1.0";
			};
			name = Debug;
		};
		B5CD3A7321F1013500078B1B /* Release */ = {
			isa = XCBuildConfiguration;
			baseConfigurationReference = EA905DFD4E84A3CAE5950C0B /* Pods-Coursework 1.0Tests.release.xcconfig */;
			buildSettings = {
				ALWAYS_EMBED_SWIFT_STANDARD_LIBRARIES = YES;
				BUNDLE_LOADER = "$(TEST_HOST)";
				CODE_SIGN_STYLE = Automatic;
				INFOPLIST_FILE = "Coursework 1.0Tests/Info.plist";
				LD_RUNPATH_SEARCH_PATHS = (
					"$(inherited)",
					"@executable_path/Frameworks",
					"@loader_path/Frameworks",
				);
				PRODUCT_BUNDLE_IDENTIFIER = "Norm.Coursework-1-0Tests";
				PRODUCT_NAME = "$(TARGET_NAME)";
				SWIFT_VERSION = 4.2;
				TARGETED_DEVICE_FAMILY = "1,2";
				TEST_HOST = "$(BUILT_PRODUCTS_DIR)/Coursework 1.0.app/Coursework 1.0";
			};
			name = Release;
		};
		B5CD3A7521F1013500078B1B /* Debug */ = {
			isa = XCBuildConfiguration;
			baseConfigurationReference = 82235BDE09AEDA23A403CCED /* Pods-Coursework 1.0UITests.debug.xcconfig */;
			buildSettings = {
				ALWAYS_EMBED_SWIFT_STANDARD_LIBRARIES = YES;
				CODE_SIGN_STYLE = Automatic;
				INFOPLIST_FILE = "Coursework 1.0UITests/Info.plist";
				LD_RUNPATH_SEARCH_PATHS = (
					"$(inherited)",
					"@executable_path/Frameworks",
					"@loader_path/Frameworks",
				);
				PRODUCT_BUNDLE_IDENTIFIER = "Norm.Coursework-1-0UITests";
				PRODUCT_NAME = "$(TARGET_NAME)";
				SWIFT_VERSION = 4.2;
				TARGETED_DEVICE_FAMILY = "1,2";
				TEST_TARGET_NAME = "Coursework 1.0";
			};
			name = Debug;
		};
		B5CD3A7621F1013500078B1B /* Release */ = {
			isa = XCBuildConfiguration;
			baseConfigurationReference = 349B644F256379AB171EC2E8 /* Pods-Coursework 1.0UITests.release.xcconfig */;
			buildSettings = {
				ALWAYS_EMBED_SWIFT_STANDARD_LIBRARIES = YES;
				CODE_SIGN_STYLE = Automatic;
				INFOPLIST_FILE = "Coursework 1.0UITests/Info.plist";
				LD_RUNPATH_SEARCH_PATHS = (
					"$(inherited)",
					"@executable_path/Frameworks",
					"@loader_path/Frameworks",
				);
				PRODUCT_BUNDLE_IDENTIFIER = "Norm.Coursework-1-0UITests";
				PRODUCT_NAME = "$(TARGET_NAME)";
				SWIFT_VERSION = 4.2;
				TARGETED_DEVICE_FAMILY = "1,2";
				TEST_TARGET_NAME = "Coursework 1.0";
			};
			name = Release;
		};
/* End XCBuildConfiguration section */

/* Begin XCConfigurationList section */
		B5CD3A4121F1013000078B1B /* Build configuration list for PBXProject "Coursework 1.0" */ = {
			isa = XCConfigurationList;
			buildConfigurations = (
				B5CD3A6C21F1013500078B1B /* Debug */,
				B5CD3A6D21F1013500078B1B /* Release */,
			);
			defaultConfigurationIsVisible = 0;
			defaultConfigurationName = Release;
		};
		B5CD3A6E21F1013500078B1B /* Build configuration list for PBXNativeTarget "Coursework 1.0" */ = {
			isa = XCConfigurationList;
			buildConfigurations = (
				B5CD3A6F21F1013500078B1B /* Debug */,
				B5CD3A7021F1013500078B1B /* Release */,
			);
			defaultConfigurationIsVisible = 0;
			defaultConfigurationName = Release;
		};
		B5CD3A7121F1013500078B1B /* Build configuration list for PBXNativeTarget "Coursework 1.0Tests" */ = {
			isa = XCConfigurationList;
			buildConfigurations = (
				B5CD3A7221F1013500078B1B /* Debug */,
				B5CD3A7321F1013500078B1B /* Release */,
			);
			defaultConfigurationIsVisible = 0;
			defaultConfigurationName = Release;
		};
		B5CD3A7421F1013500078B1B /* Build configuration list for PBXNativeTarget "Coursework 1.0UITests" */ = {
			isa = XCConfigurationList;
			buildConfigurations = (
				B5CD3A7521F1013500078B1B /* Debug */,
				B5CD3A7621F1013500078B1B /* Release */,
			);
			defaultConfigurationIsVisible = 0;
			defaultConfigurationName = Release;
		};
/* End XCConfigurationList section */
	};
	rootObject = B5CD3A3E21F1013000078B1B /* Project object */;
}
